
Microsoft Visual Studio Solution File, Format Version 12.00
# Visual Studio Version 16
VisualStudioVersion = 16.0.30413.136
MinimumVisualStudioVersion = 10.0.40219.1
Project("{8BC9CEB8-8B4A-11D0-8D11-00A0C91BC942}") = "mini_fribidi", "mini_fribidi.vcxproj", "{95348CA0-D1F4-4D64-A5E6-7F6DF261D2E0}"
EndProject
Project("{8BC9CEB8-8B4A-11D0-8D11-00A0C91BC942}") = "harfbuzz", "..\..\MB3Harfbuzz\msvc\harfbuzz.vcxproj", "{678FF1C8-3E42-4482-B4A4-C5DD73428060}"
EndProject
Project("{8BC9CEB8-8B4A-11D0-8D11-00A0C91BC942}") = "pangoft2", "pangoft2.vcxproj", "{39356DD2-D3B5-4E65-94CC-B37C112957D3}"
	ProjectSection(ProjectDependencies) = postProject
		{678FF1C8-3E42-4482-B4A4-C5DD73428060} = {678FF1C8-3E42-4482-B4A4-C5DD73428060}
	EndProjectSection
EndProject
Project("{8BC9CEB8-8B4A-11D0-8D11-00A0C91BC942}") = "pangowin", "pangowin.vcxproj", "{F9F4426B-E1AE-40D8-89EF-E55C16ABE03D}"
	ProjectSection(ProjectDependencies) = postProject
		{F2DEC9F3-59D5-477A-9161-15ABC1D49693} = {F2DEC9F3-59D5-477A-9161-15ABC1D49693}
	EndProjectSection
EndProject
Project("{8BC9CEB8-8B4A-11D0-8D11-00A0C91BC942}") = "pango", "pango.vcxproj", "{F2DEC9F3-59D5-477A-9161-15ABC1D49693}"
	ProjectSection(ProjectDependencies) = postProject
		{95348CA0-D1F4-4D64-A5E6-7F6DF261D2E0} = {95348CA0-D1F4-4D64-A5E6-7F6DF261D2E0}
	EndProjectSection
EndProject
Project("{8BC9CEB8-8B4A-11D0-8D11-00A0C91BC942}") = "pangocairo", "pangocairo.vcxproj", "{5DCC5191-2EA2-4EE2-9F6F-8B1EBE67EE34}"
	ProjectSection(ProjectDependencies) = postProject
		{F9F4426B-E1AE-40D8-89EF-E55C16ABE03D} = {F9F4426B-E1AE-40D8-89EF-E55C16ABE03D}
		{39356DD2-D3B5-4E65-94CC-B37C112957D3} = {39356DD2-D3B5-4E65-94CC-B37C112957D3}
	EndProjectSection
EndProject
Global
	GlobalSection(SolutionConfigurationPlatforms) = preSolution
		Debug|x64 = Debug|x64
		Release with Debugging Capability|x64 = Release with Debugging Capability|x64
		Release|x64 = Release|x64
	EndGlobalSection
	GlobalSection(ProjectConfigurationPlatforms) = postSolution
		{95348CA0-D1F4-4D64-A5E6-7F6DF261D2E0}.Debug|x64.ActiveCfg = Debug|x64
		{95348CA0-D1F4-4D64-A5E6-7F6DF261D2E0}.Debug|x64.Build.0 = Debug|x64
		{95348CA0-D1F4-4D64-A5E6-7F6DF261D2E0}.Release with Debugging Capability|x64.ActiveCfg = Release with Debugging Capability|x64
		{95348CA0-D1F4-4D64-A5E6-7F6DF261D2E0}.Release with Debugging Capability|x64.Build.0 = Release with Debugging Capability|x64
		{95348CA0-D1F4-4D64-A5E6-7F6DF261D2E0}.Release|x64.ActiveCfg = Release|x64
		{95348CA0-D1F4-4D64-A5E6-7F6DF261D2E0}.Release|x64.Build.0 = Release|x64
		{678FF1C8-3E42-4482-B4A4-C5DD73428060}.Debug|x64.ActiveCfg = Debug|x64
		{678FF1C8-3E42-4482-B4A4-C5DD73428060}.Debug|x64.Build.0 = Debug|x64
		{678FF1C8-3E42-4482-B4A4-C5DD73428060}.Release with Debugging Capability|x64.ActiveCfg = Release with Debugging Capability|x64
		{678FF1C8-3E42-4482-B4A4-C5DD73428060}.Release with Debugging Capability|x64.Build.0 = Release with Debugging Capability|x64
		{678FF1C8-3E42-4482-B4A4-C5DD73428060}.Release|x64.ActiveCfg = Release|x64
		{678FF1C8-3E42-4482-B4A4-C5DD73428060}.Release|x64.Build.0 = Release|x64
		{39356DD2-D3B5-4E65-94CC-B37C112957D3}.Debug|x64.ActiveCfg = Debug|x64
		{39356DD2-D3B5-4E65-94CC-B37C112957D3}.Debug|x64.Build.0 = Debug|x64
		{39356DD2-D3B5-4E65-94CC-B37C112957D3}.Release with Debugging Capability|x64.ActiveCfg = Release with Debugging Capability|x64
		{39356DD2-D3B5-4E65-94CC-B37C112957D3}.Release with Debugging Capability|x64.Build.0 = Release with Debugging Capability|x64
		{39356DD2-D3B5-4E65-94CC-B37C112957D3}.Release|x64.ActiveCfg = Release|x64
		{39356DD2-D3B5-4E65-94CC-B37C112957D3}.Release|x64.Build.0 = Release|x64
		{F9F4426B-E1AE-40D8-89EF-E55C16ABE03D}.Debug|x64.ActiveCfg = Debug|x64
		{F9F4426B-E1AE-40D8-89EF-E55C16ABE03D}.Debug|x64.Build.0 = Debug|x64
		{F9F4426B-E1AE-40D8-89EF-E55C16ABE03D}.Release with Debugging Capability|x64.ActiveCfg = Release with Debugging Capability|x64
		{F9F4426B-E1AE-40D8-89EF-E55C16ABE03D}.Release with Debugging Capability|x64.Build.0 = Release with Debugging Capability|x64
		{F9F4426B-E1AE-40D8-89EF-E55C16ABE03D}.Release|x64.ActiveCfg = Release|x64
		{F9F4426B-E1AE-40D8-89EF-E55C16ABE03D}.Release|x64.Build.0 = Release|x64
		{F2DEC9F3-59D5-477A-9161-15ABC1D49693}.Debug|x64.ActiveCfg = Debug|x64
		{F2DEC9F3-59D5-477A-9161-15ABC1D49693}.Debug|x64.Build.0 = Debug|x64
		{F2DEC9F3-59D5-477A-9161-15ABC1D49693}.Release with Debugging Capability|x64.ActiveCfg = Release with Debugging Capability|x64
		{F2DEC9F3-59D5-477A-9161-15ABC1D49693}.Release with Debugging Capability|x64.Build.0 = Release with Debugging Capability|x64
		{F2DEC9F3-59D5-477A-9161-15ABC1D49693}.Release|x64.ActiveCfg = Release|x64
		{F2DEC9F3-59D5-477A-9161-15ABC1D49693}.Release|x64.Build.0 = Release|x64
		{5DCC5191-2EA2-4EE2-9F6F-8B1EBE67EE34}.Debug|x64.ActiveCfg = Debug|x64
		{5DCC5191-2EA2-4EE2-9F6F-8B1EBE67EE34}.Debug|x64.Build.0 = Debug|x64
		{5DCC5191-2EA2-4EE2-9F6F-8B1EBE67EE34}.Release with Debugging Capability|x64.ActiveCfg = Release with Debugging Capability|x64
		{5DCC5191-2EA2-4EE2-9F6F-8B1EBE67EE34}.Release with Debugging Capability|x64.Build.0 = Release with Debugging Capability|x64
		{5DCC5191-2EA2-4EE2-9F6F-8B1EBE67EE34}.Release|x64.ActiveCfg = Release|x64
		{5DCC5191-2EA2-4EE2-9F6F-8B1EBE67EE34}.Release|x64.Build.0 = Release|x64
	EndGlobalSection
	GlobalSection(SolutionProperties) = preSolution
		HideSolutionNode = FALSE
	EndGlobalSection
	GlobalSection(ExtensibilityGlobals) = postSolution
		SolutionGuid = {D8A3532E-2675-464D-9C71-761021CA2127}
	EndGlobalSection
EndGlobal
