
Microsoft Visual Studio Solution File, Format Version 9.00
# Visual Studio 2005
Project("{8BC9CEB8-8B4A-11D0-8D11-00A0C91BC942}") = "mini_fribidi", "mini_fribidi.vcproj", "{95348CA0-D1F4-4D64-A5E6-7F6DF261D2E0}"
	ProjectSection(ProjectDependencies) = postProject
		{678FF1C8-3E42-4482-B4A4-C5DD73428060} = {678FF1C8-3E42-4482-B4A4-C5DD73428060}
	EndProjectSection
EndProject
Project("{8BC9CEB8-8B4A-11D0-8D11-00A0C91BC942}") = "pango", "pango.vcproj", "{F2DEC9F3-59D5-477A-9161-15ABC1D49693}"
	ProjectSection(ProjectDependencies) = postProject
		{95348CA0-D1F4-4D64-A5E6-7F6DF261D2E0} = {95348CA0-D1F4-4D64-A5E6-7F6DF261D2E0}
	EndProjectSection
EndProject
Project("{8BC9CEB8-8B4A-11D0-8D11-00A0C91BC942}") = "pangowin32", "pangowin32.vcproj", "{F9F4426B-E1AE-40D8-89EF-E55C16ABE03D}"
	ProjectSection(ProjectDependencies) = postProject
		{F2DEC9F3-59D5-477A-9161-15ABC1D49693} = {F2DEC9F3-59D5-477A-9161-15ABC1D49693}
	EndProjectSection
EndProject
Project("{8BC9CEB8-8B4A-11D0-8D11-00A0C91BC942}") = "harfbuzz", "..\..\MB3Harfbuzz\msvc\harfbuzz.vcproj", "{678FF1C8-3E42-4482-B4A4-C5DD73428060}"
EndProject
Project("{8BC9CEB8-8B4A-11D0-8D11-00A0C91BC942}") = "pangoft2", "pangoft2.vcproj", "{39356DD2-D3B5-4E65-94CC-B37C112957D3}"
	ProjectSection(ProjectDependencies) = postProject
		{F2DEC9F3-59D5-477A-9161-15ABC1D49693} = {F2DEC9F3-59D5-477A-9161-15ABC1D49693}
	EndProjectSection
EndProject
Project("{8BC9CEB8-8B4A-11D0-8D11-00A0C91BC942}") = "pangocairo", "pangocairo.vcproj", "{5DCC5191-2EA2-4EE2-9F6F-8B1EBE67EE34}"
	ProjectSection(ProjectDependencies) = postProject
		{F9F4426B-E1AE-40D8-89EF-E55C16ABE03D} = {F9F4426B-E1AE-40D8-89EF-E55C16ABE03D}
		{39356DD2-D3B5-4E65-94CC-B37C112957D3} = {39356DD2-D3B5-4E65-94CC-B37C112957D3}
	EndProjectSection
EndProject
Global
	GlobalSection(SolutionConfigurationPlatforms) = preSolution
		Debug 32|Win32 = Debug 32|Win32
		Release 32 with Debugging Capability|Win32 = Release 32 with Debugging Capability|Win32
		Release 32|Win32 = Release 32|Win32
	EndGlobalSection
	GlobalSection(ProjectConfigurationPlatforms) = postSolution
		{95348CA0-D1F4-4D64-A5E6-7F6DF261D2E0}.Debug 32|Win32.ActiveCfg = Debug 32|Win32
		{95348CA0-D1F4-4D64-A5E6-7F6DF261D2E0}.Debug 32|Win32.Build.0 = Debug 32|Win32
		{95348CA0-D1F4-4D64-A5E6-7F6DF261D2E0}.Release 32 with Debugging Capability|Win32.ActiveCfg = Release 32 with Debugging Capability|Win32
		{95348CA0-D1F4-4D64-A5E6-7F6DF261D2E0}.Release 32 with Debugging Capability|Win32.Build.0 = Release 32 with Debugging Capability|Win32
		{95348CA0-D1F4-4D64-A5E6-7F6DF261D2E0}.Release 32|Win32.ActiveCfg = Release 32|Win32
		{95348CA0-D1F4-4D64-A5E6-7F6DF261D2E0}.Release 32|Win32.Build.0 = Release 32|Win32
		{F2DEC9F3-59D5-477A-9161-15ABC1D49693}.Debug 32|Win32.ActiveCfg = Debug 32|Win32
		{F2DEC9F3-59D5-477A-9161-15ABC1D49693}.Debug 32|Win32.Build.0 = Debug 32|Win32
		{F2DEC9F3-59D5-477A-9161-15ABC1D49693}.Release 32 with Debugging Capability|Win32.ActiveCfg = Release 32 with Debugging Capability|Win32
		{F2DEC9F3-59D5-477A-9161-15ABC1D49693}.Release 32 with Debugging Capability|Win32.Build.0 = Release 32 with Debugging Capability|Win32
		{F2DEC9F3-59D5-477A-9161-15ABC1D49693}.Release 32|Win32.ActiveCfg = Release 32|Win32
		{F2DEC9F3-59D5-477A-9161-15ABC1D49693}.Release 32|Win32.Build.0 = Release 32|Win32
		{F9F4426B-E1AE-40D8-89EF-E55C16ABE03D}.Debug 32|Win32.ActiveCfg = Debug 32|Win32
		{F9F4426B-E1AE-40D8-89EF-E55C16ABE03D}.Debug 32|Win32.Build.0 = Debug 32|Win32
		{F9F4426B-E1AE-40D8-89EF-E55C16ABE03D}.Release 32 with Debugging Capability|Win32.ActiveCfg = Release 32 with Debugging Capability|Win32
		{F9F4426B-E1AE-40D8-89EF-E55C16ABE03D}.Release 32 with Debugging Capability|Win32.Build.0 = Release 32 with Debugging Capability|Win32
		{F9F4426B-E1AE-40D8-89EF-E55C16ABE03D}.Release 32|Win32.ActiveCfg = Release 32|Win32
		{F9F4426B-E1AE-40D8-89EF-E55C16ABE03D}.Release 32|Win32.Build.0 = Release 32|Win32
		{678FF1C8-3E42-4482-B4A4-C5DD73428060}.Debug 32|Win32.ActiveCfg = Debug 32|Win32
		{678FF1C8-3E42-4482-B4A4-C5DD73428060}.Debug 32|Win32.Build.0 = Debug 32|Win32
		{678FF1C8-3E42-4482-B4A4-C5DD73428060}.Release 32 with Debugging Capability|Win32.ActiveCfg = Release 32 with Debugging Capability|Win32
		{678FF1C8-3E42-4482-B4A4-C5DD73428060}.Release 32 with Debugging Capability|Win32.Build.0 = Release 32 with Debugging Capability|Win32
		{678FF1C8-3E42-4482-B4A4-C5DD73428060}.Release 32|Win32.ActiveCfg = Release 32|Win32
		{678FF1C8-3E42-4482-B4A4-C5DD73428060}.Release 32|Win32.Build.0 = Release 32|Win32
		{39356DD2-D3B5-4E65-94CC-B37C112957D3}.Debug 32|Win32.ActiveCfg = Debug 32|Win32
		{39356DD2-D3B5-4E65-94CC-B37C112957D3}.Debug 32|Win32.Build.0 = Debug 32|Win32
		{39356DD2-D3B5-4E65-94CC-B37C112957D3}.Release 32 with Debugging Capability|Win32.ActiveCfg = Release 32 with Debugging Capability|Win32
		{39356DD2-D3B5-4E65-94CC-B37C112957D3}.Release 32 with Debugging Capability|Win32.Build.0 = Release 32 with Debugging Capability|Win32
		{39356DD2-D3B5-4E65-94CC-B37C112957D3}.Release 32|Win32.ActiveCfg = Release 32|Win32
		{39356DD2-D3B5-4E65-94CC-B37C112957D3}.Release 32|Win32.Build.0 = Release 32|Win32
		{5DCC5191-2EA2-4EE2-9F6F-8B1EBE67EE34}.Debug 32|Win32.ActiveCfg = Debug 32|Win32
		{5DCC5191-2EA2-4EE2-9F6F-8B1EBE67EE34}.Debug 32|Win32.Build.0 = Debug 32|Win32
		{5DCC5191-2EA2-4EE2-9F6F-8B1EBE67EE34}.Release 32 with Debugging Capability|Win32.ActiveCfg = Release 32 with Debugging Capability|Win32
		{5DCC5191-2EA2-4EE2-9F6F-8B1EBE67EE34}.Release 32 with Debugging Capability|Win32.Build.0 = Release 32 with Debugging Capability|Win32
		{5DCC5191-2EA2-4EE2-9F6F-8B1EBE67EE34}.Release 32|Win32.ActiveCfg = Release 32|Win32
		{5DCC5191-2EA2-4EE2-9F6F-8B1EBE67EE34}.Release 32|Win32.Build.0 = Release 32|Win32
	EndGlobalSection
	GlobalSection(SolutionProperties) = preSolution
		HideSolutionNode = FALSE
	EndGlobalSection
EndGlobal
